
Microsoft Visual Studio Solution File, Format Version 12.00
# Visual Studio Version 16
VisualStudioVersion = 16.0.31624.102
MinimumVisualStudioVersion = 10.0.40219.1
Project("{9A19103F-16F7-4668-BE54-9A1E7A4F7556}") = "POO40", "POO40\POO40.csproj", "{A0358A84-20C8-4988-A8DA-A4919846FBE2}"
EndProject
Project("{9A19103F-16F7-4668-BE54-9A1E7A4F7556}") = "POO42", "POO42\POO42\POO42.csproj", "{EA527D57-9428-44C4-94C0-E739786D8BF8}"
EndProject
Project("{9A19103F-16F7-4668-BE54-9A1E7A4F7556}") = "Static 48", "Static 48\Static 48.csproj", "{38459B2F-1B0F-43FC-8052-4AE6D05B1C19}"
EndProject
Project("{FAE04EC0-301F-11D3-BF4B-00C04F79EFBC}") = "ExercícioDeFixacao60", "ExercícioDeFixacao60\ExercícioDeFixacao60.csproj", "{F3043EC4-7E2B-45D2-AFD8-BD9350567C08}"
EndProject
Global
	GlobalSection(SolutionConfigurationPlatforms) = preSolution
		Debug|Any CPU = Debug|Any CPU
		Release|Any CPU = Release|Any CPU
	EndGlobalSection
	GlobalSection(ProjectConfigurationPlatforms) = postSolution
		{A0358A84-20C8-4988-A8DA-A4919846FBE2}.Debug|Any CPU.ActiveCfg = Debug|Any CPU
		{A0358A84-20C8-4988-A8DA-A4919846FBE2}.Debug|Any CPU.Build.0 = Debug|Any CPU
		{A0358A84-20C8-4988-A8DA-A4919846FBE2}.Release|Any CPU.ActiveCfg = Release|Any CPU
		{A0358A84-20C8-4988-A8DA-A4919846FBE2}.Release|Any CPU.Build.0 = Release|Any CPU
		{EA527D57-9428-44C4-94C0-E739786D8BF8}.Debug|Any CPU.ActiveCfg = Debug|Any CPU
		{EA527D57-9428-44C4-94C0-E739786D8BF8}.Debug|Any CPU.Build.0 = Debug|Any CPU
		{EA527D57-9428-44C4-94C0-E739786D8BF8}.Release|Any CPU.ActiveCfg = Release|Any CPU
		{EA527D57-9428-44C4-94C0-E739786D8BF8}.Release|Any CPU.Build.0 = Release|Any CPU
		{38459B2F-1B0F-43FC-8052-4AE6D05B1C19}.Debug|Any CPU.ActiveCfg = Debug|Any CPU
		{38459B2F-1B0F-43FC-8052-4AE6D05B1C19}.Debug|Any CPU.Build.0 = Debug|Any CPU
		{38459B2F-1B0F-43FC-8052-4AE6D05B1C19}.Release|Any CPU.ActiveCfg = Release|Any CPU
		{38459B2F-1B0F-43FC-8052-4AE6D05B1C19}.Release|Any CPU.Build.0 = Release|Any CPU
		{F3043EC4-7E2B-45D2-AFD8-BD9350567C08}.Debug|Any CPU.ActiveCfg = Debug|Any CPU
		{F3043EC4-7E2B-45D2-AFD8-BD9350567C08}.Debug|Any CPU.Build.0 = Debug|Any CPU
		{F3043EC4-7E2B-45D2-AFD8-BD9350567C08}.Release|Any CPU.ActiveCfg = Release|Any CPU
		{F3043EC4-7E2B-45D2-AFD8-BD9350567C08}.Release|Any CPU.Build.0 = Release|Any CPU
	EndGlobalSection
	GlobalSection(SolutionProperties) = preSolution
		HideSolutionNode = FALSE
	EndGlobalSection
	GlobalSection(ExtensibilityGlobals) = postSolution
		SolutionGuid = {D1F3EAEC-4539-4C96-AF62-39C43342A729}
	EndGlobalSection
EndGlobal
