
Microsoft Visual Studio Solution File, Format Version 12.00
# Visual Studio Version 16
VisualStudioVersion = 16.0.31624.102
MinimumVisualStudioVersion = 10.0.40219.1
Project("{9A19103F-16F7-4668-BE54-9A1E7A4F7556}") = "POO40", "POO\POO40.csproj", "{C9A871D9-09D5-49C1-91F1-DAEAD4159E09}"
EndProject
Global
	GlobalSection(SolutionConfigurationPlatforms) = preSolution
		Debug|Any CPU = Debug|Any CPU
		Release|Any CPU = Release|Any CPU
	EndGlobalSection
	GlobalSection(ProjectConfigurationPlatforms) = postSolution
		{C9A871D9-09D5-49C1-91F1-DAEAD4159E09}.Debug|Any CPU.ActiveCfg = Debug|Any CPU
		{C9A871D9-09D5-49C1-91F1-DAEAD4159E09}.Debug|Any CPU.Build.0 = Debug|Any CPU
		{C9A871D9-09D5-49C1-91F1-DAEAD4159E09}.Release|Any CPU.ActiveCfg = Release|Any CPU
		{C9A871D9-09D5-49C1-91F1-DAEAD4159E09}.Release|Any CPU.Build.0 = Release|Any CPU
	EndGlobalSection
	GlobalSection(SolutionProperties) = preSolution
		HideSolutionNode = FALSE
	EndGlobalSection
	GlobalSection(ExtensibilityGlobals) = postSolution
		SolutionGuid = {D1F3EAEC-4539-4C96-AF62-39C43342A729}
	EndGlobalSection
EndGlobal
